
Microsoft Visual Studio Solution File, Format Version 12.00
Project("{2150E333-8FDC-42A3-9474-1A3956D46DE8}") = "src", "src", "{E3B643F9-3CC7-4A6E-A226-F3ED70196F00}"
EndProject
Project("{2150E333-8FDC-42A3-9474-1A3956D46DE8}") = "Services", "Services", "{AF68D0F4-06D1-4ACF-A94D-2DED479E51AC}"
EndProject
Project("{2150E333-8FDC-42A3-9474-1A3956D46DE8}") = "Chat", "Chat", "{5103A483-3127-4182-9CFA-AB5455563E12}"
EndProject
Project("{2150E333-8FDC-42A3-9474-1A3956D46DE8}") = "src", "src", "{C5F5A5C4-C5B8-4D01-9176-E1B4B90E4536}"
EndProject
Project("{2150E333-8FDC-42A3-9474-1A3956D46DE8}") = "tests", "tests", "{C4FAB864-8B5E-4087-B4DC-710B9035BE0F}"
EndProject
Project("{FAE04EC0-301F-11D3-BF4B-00C04F79EFBC}") = "Chat.Api", "src\Services\Chat\src\Chat.Api\Chat.Api.csproj", "{25BC30C0-77F2-4FD3-8531-45C2F03D66E2}"
EndProject
Project("{FAE04EC0-301F-11D3-BF4B-00C04F79EFBC}") = "Chat.Application", "src\Services\Chat\src\Chat.Application\Chat.Application.csproj", "{B5566247-4A8E-4DB3-9EE9-DE1AD16E964F}"
EndProject
Project("{FAE04EC0-301F-11D3-BF4B-00C04F79EFBC}") = "Chat.Domain", "src\Services\Chat\src\Chat.Domain\Chat.Domain.csproj", "{0BB54587-3CF4-4237-9831-47FE4A92FE9A}"
EndProject
Project("{2150E333-8FDC-42A3-9474-1A3956D46DE8}") = "Identity", "Identity", "{2B6B5089-380D-4EFB-9912-D7ACF334B9A7}"
EndProject
Project("{2150E333-8FDC-42A3-9474-1A3956D46DE8}") = "src", "src", "{C8EAEFA0-C7D0-4C2A-93C9-B3822A6C0DFB}"
EndProject
Project("{2150E333-8FDC-42A3-9474-1A3956D46DE8}") = "tests", "tests", "{28CB4FDA-C575-49CC-BD22-3F1C6B9C74E5}"
EndProject
Project("{FAE04EC0-301F-11D3-BF4B-00C04F79EFBC}") = "Identity.Api", "src\Services\Identity\src\Identity.Api\Identity.Api.csproj", "{8ADD1506-CD87-476E-8106-88515D271DF4}"
EndProject
Project("{FAE04EC0-301F-11D3-BF4B-00C04F79EFBC}") = "Identity.Domain", "src\Services\Identity\src\Identity.Domain\Identity.Domain.csproj", "{72A3E495-0BDD-4ABF-860C-6F89ADC87359}"
EndProject
Project("{FAE04EC0-301F-11D3-BF4B-00C04F79EFBC}") = "Identity.Application", "src\Services\Identity\src\Identity.Application\Identity.Application.csproj", "{83F6CA20-D4D1-4E17-BA9C-70CA45EE05E7}"
EndProject
Project("{2150E333-8FDC-42A3-9474-1A3956D46DE8}") = "Group", "Group", "{74A753E4-BD9D-4452-9BD9-AA98C17F76DF}"
EndProject
Project("{2150E333-8FDC-42A3-9474-1A3956D46DE8}") = "src", "src", "{9EBC3B5F-C74D-48C6-AB6F-82D776A71F32}"
EndProject
Project("{2150E333-8FDC-42A3-9474-1A3956D46DE8}") = "tests", "tests", "{CEC73985-5F8A-42A5-96E2-F0056F4EFC00}"
EndProject
Project("{FAE04EC0-301F-11D3-BF4B-00C04F79EFBC}") = "Group.Application", "src\Services\Group\src\Group.Application\Group.Application.csproj", "{9C1BB1F3-6F4C-4321-9B9D-5451AE6F7D16}"
EndProject
Project("{FAE04EC0-301F-11D3-BF4B-00C04F79EFBC}") = "Group.Domain", "src\Services\Group\src\Group.Domain\Group.Domain.csproj", "{0DB2DB49-76A7-4371-8968-EC4420A55561}"
EndProject
Project("{FAE04EC0-301F-11D3-BF4B-00C04F79EFBC}") = "Group.Api", "src\Services\Group\src\Group.Api\Group.Api.csproj", "{08BB93DF-C901-4901-941C-16196EA5DF61}"
EndProject
Project("{2150E333-8FDC-42A3-9474-1A3956D46DE8}") = "Clients", "Clients", "{8827E831-04E9-4381-AF70-B6EBD599676E}"
EndProject
Project("{2150E333-8FDC-42A3-9474-1A3956D46DE8}") = "Web", "Web", "{82991428-5A6E-4D7E-B1DA-4A82B93E74D3}"
EndProject
Project("{2150E333-8FDC-42A3-9474-1A3956D46DE8}") = "src", "src", "{008DB8F7-4197-4EA8-93B3-DE899461CB2D}"
EndProject
Project("{2150E333-8FDC-42A3-9474-1A3956D46DE8}") = "tests", "tests", "{E02ED72E-3812-45F9-8E9F-1F297D9C1A64}"
EndProject
Project("{FAE04EC0-301F-11D3-BF4B-00C04F79EFBC}") = "Web.Presentation", "src\Clients\Web\src\Web.Presentation\Web.Presentation.csproj", "{3E5C159F-5A71-4A98-82FB-303E7E7F137F}"
EndProject
Project("{FAE04EC0-301F-11D3-BF4B-00C04F79EFBC}") = "Web.Application", "src\Clients\Web\src\Web.Application\Web.Application.csproj", "{EF3E30CA-2375-4274-BC67-FD1D676CBC4C}"
EndProject
Project("{FAE04EC0-301F-11D3-BF4B-00C04F79EFBC}") = "Web.Domain", "src\Clients\Web\src\Web.Domain\Web.Domain.csproj", "{41A3ACAC-C2E1-4CB2-B0B6-6CF42643BE06}"
EndProject
Global
	GlobalSection(SolutionConfigurationPlatforms) = preSolution
		Debug|Any CPU = Debug|Any CPU
		Release|Any CPU = Release|Any CPU
	EndGlobalSection
	GlobalSection(NestedProjects) = preSolution
		{AF68D0F4-06D1-4ACF-A94D-2DED479E51AC} = {E3B643F9-3CC7-4A6E-A226-F3ED70196F00}
		{5103A483-3127-4182-9CFA-AB5455563E12} = {AF68D0F4-06D1-4ACF-A94D-2DED479E51AC}
		{C5F5A5C4-C5B8-4D01-9176-E1B4B90E4536} = {5103A483-3127-4182-9CFA-AB5455563E12}
		{C4FAB864-8B5E-4087-B4DC-710B9035BE0F} = {5103A483-3127-4182-9CFA-AB5455563E12}
		{25BC30C0-77F2-4FD3-8531-45C2F03D66E2} = {C5F5A5C4-C5B8-4D01-9176-E1B4B90E4536}
		{B5566247-4A8E-4DB3-9EE9-DE1AD16E964F} = {C5F5A5C4-C5B8-4D01-9176-E1B4B90E4536}
		{0BB54587-3CF4-4237-9831-47FE4A92FE9A} = {C5F5A5C4-C5B8-4D01-9176-E1B4B90E4536}
		{2B6B5089-380D-4EFB-9912-D7ACF334B9A7} = {AF68D0F4-06D1-4ACF-A94D-2DED479E51AC}
		{C8EAEFA0-C7D0-4C2A-93C9-B3822A6C0DFB} = {2B6B5089-380D-4EFB-9912-D7ACF334B9A7}
		{28CB4FDA-C575-49CC-BD22-3F1C6B9C74E5} = {2B6B5089-380D-4EFB-9912-D7ACF334B9A7}
		{8ADD1506-CD87-476E-8106-88515D271DF4} = {C8EAEFA0-C7D0-4C2A-93C9-B3822A6C0DFB}
		{72A3E495-0BDD-4ABF-860C-6F89ADC87359} = {C8EAEFA0-C7D0-4C2A-93C9-B3822A6C0DFB}
		{83F6CA20-D4D1-4E17-BA9C-70CA45EE05E7} = {C8EAEFA0-C7D0-4C2A-93C9-B3822A6C0DFB}
		{74A753E4-BD9D-4452-9BD9-AA98C17F76DF} = {AF68D0F4-06D1-4ACF-A94D-2DED479E51AC}
		{9EBC3B5F-C74D-48C6-AB6F-82D776A71F32} = {74A753E4-BD9D-4452-9BD9-AA98C17F76DF}
		{CEC73985-5F8A-42A5-96E2-F0056F4EFC00} = {74A753E4-BD9D-4452-9BD9-AA98C17F76DF}
		{9C1BB1F3-6F4C-4321-9B9D-5451AE6F7D16} = {9EBC3B5F-C74D-48C6-AB6F-82D776A71F32}
		{0DB2DB49-76A7-4371-8968-EC4420A55561} = {9EBC3B5F-C74D-48C6-AB6F-82D776A71F32}
		{08BB93DF-C901-4901-941C-16196EA5DF61} = {9EBC3B5F-C74D-48C6-AB6F-82D776A71F32}
		{8827E831-04E9-4381-AF70-B6EBD599676E} = {E3B643F9-3CC7-4A6E-A226-F3ED70196F00}
		{82991428-5A6E-4D7E-B1DA-4A82B93E74D3} = {8827E831-04E9-4381-AF70-B6EBD599676E}
		{008DB8F7-4197-4EA8-93B3-DE899461CB2D} = {82991428-5A6E-4D7E-B1DA-4A82B93E74D3}
		{E02ED72E-3812-45F9-8E9F-1F297D9C1A64} = {82991428-5A6E-4D7E-B1DA-4A82B93E74D3}
		{3E5C159F-5A71-4A98-82FB-303E7E7F137F} = {008DB8F7-4197-4EA8-93B3-DE899461CB2D}
		{EF3E30CA-2375-4274-BC67-FD1D676CBC4C} = {008DB8F7-4197-4EA8-93B3-DE899461CB2D}
		{41A3ACAC-C2E1-4CB2-B0B6-6CF42643BE06} = {008DB8F7-4197-4EA8-93B3-DE899461CB2D}
	EndGlobalSection
	GlobalSection(ProjectConfigurationPlatforms) = postSolution
		{25BC30C0-77F2-4FD3-8531-45C2F03D66E2}.Debug|Any CPU.ActiveCfg = Debug|Any CPU
		{25BC30C0-77F2-4FD3-8531-45C2F03D66E2}.Debug|Any CPU.Build.0 = Debug|Any CPU
		{25BC30C0-77F2-4FD3-8531-45C2F03D66E2}.Release|Any CPU.ActiveCfg = Release|Any CPU
		{25BC30C0-77F2-4FD3-8531-45C2F03D66E2}.Release|Any CPU.Build.0 = Release|Any CPU
		{B5566247-4A8E-4DB3-9EE9-DE1AD16E964F}.Debug|Any CPU.ActiveCfg = Debug|Any CPU
		{B5566247-4A8E-4DB3-9EE9-DE1AD16E964F}.Debug|Any CPU.Build.0 = Debug|Any CPU
		{B5566247-4A8E-4DB3-9EE9-DE1AD16E964F}.Release|Any CPU.ActiveCfg = Release|Any CPU
		{B5566247-4A8E-4DB3-9EE9-DE1AD16E964F}.Release|Any CPU.Build.0 = Release|Any CPU
		{0BB54587-3CF4-4237-9831-47FE4A92FE9A}.Debug|Any CPU.ActiveCfg = Debug|Any CPU
		{0BB54587-3CF4-4237-9831-47FE4A92FE9A}.Debug|Any CPU.Build.0 = Debug|Any CPU
		{0BB54587-3CF4-4237-9831-47FE4A92FE9A}.Release|Any CPU.ActiveCfg = Release|Any CPU
		{0BB54587-3CF4-4237-9831-47FE4A92FE9A}.Release|Any CPU.Build.0 = Release|Any CPU
		{8ADD1506-CD87-476E-8106-88515D271DF4}.Debug|Any CPU.ActiveCfg = Debug|Any CPU
		{8ADD1506-CD87-476E-8106-88515D271DF4}.Debug|Any CPU.Build.0 = Debug|Any CPU
		{8ADD1506-CD87-476E-8106-88515D271DF4}.Release|Any CPU.ActiveCfg = Release|Any CPU
		{8ADD1506-CD87-476E-8106-88515D271DF4}.Release|Any CPU.Build.0 = Release|Any CPU
		{72A3E495-0BDD-4ABF-860C-6F89ADC87359}.Debug|Any CPU.ActiveCfg = Debug|Any CPU
		{72A3E495-0BDD-4ABF-860C-6F89ADC87359}.Debug|Any CPU.Build.0 = Debug|Any CPU
		{72A3E495-0BDD-4ABF-860C-6F89ADC87359}.Release|Any CPU.ActiveCfg = Release|Any CPU
		{72A3E495-0BDD-4ABF-860C-6F89ADC87359}.Release|Any CPU.Build.0 = Release|Any CPU
		{83F6CA20-D4D1-4E17-BA9C-70CA45EE05E7}.Debug|Any CPU.ActiveCfg = Debug|Any CPU
		{83F6CA20-D4D1-4E17-BA9C-70CA45EE05E7}.Debug|Any CPU.Build.0 = Debug|Any CPU
		{83F6CA20-D4D1-4E17-BA9C-70CA45EE05E7}.Release|Any CPU.ActiveCfg = Release|Any CPU
		{83F6CA20-D4D1-4E17-BA9C-70CA45EE05E7}.Release|Any CPU.Build.0 = Release|Any CPU
		{9C1BB1F3-6F4C-4321-9B9D-5451AE6F7D16}.Debug|Any CPU.ActiveCfg = Debug|Any CPU
		{9C1BB1F3-6F4C-4321-9B9D-5451AE6F7D16}.Debug|Any CPU.Build.0 = Debug|Any CPU
		{9C1BB1F3-6F4C-4321-9B9D-5451AE6F7D16}.Release|Any CPU.ActiveCfg = Release|Any CPU
		{9C1BB1F3-6F4C-4321-9B9D-5451AE6F7D16}.Release|Any CPU.Build.0 = Release|Any CPU
		{0DB2DB49-76A7-4371-8968-EC4420A55561}.Debug|Any CPU.ActiveCfg = Debug|Any CPU
		{0DB2DB49-76A7-4371-8968-EC4420A55561}.Debug|Any CPU.Build.0 = Debug|Any CPU
		{0DB2DB49-76A7-4371-8968-EC4420A55561}.Release|Any CPU.ActiveCfg = Release|Any CPU
		{0DB2DB49-76A7-4371-8968-EC4420A55561}.Release|Any CPU.Build.0 = Release|Any CPU
		{08BB93DF-C901-4901-941C-16196EA5DF61}.Debug|Any CPU.ActiveCfg = Debug|Any CPU
		{08BB93DF-C901-4901-941C-16196EA5DF61}.Debug|Any CPU.Build.0 = Debug|Any CPU
		{08BB93DF-C901-4901-941C-16196EA5DF61}.Release|Any CPU.ActiveCfg = Release|Any CPU
		{08BB93DF-C901-4901-941C-16196EA5DF61}.Release|Any CPU.Build.0 = Release|Any CPU
		{3E5C159F-5A71-4A98-82FB-303E7E7F137F}.Debug|Any CPU.ActiveCfg = Debug|Any CPU
		{3E5C159F-5A71-4A98-82FB-303E7E7F137F}.Debug|Any CPU.Build.0 = Debug|Any CPU
		{3E5C159F-5A71-4A98-82FB-303E7E7F137F}.Release|Any CPU.ActiveCfg = Release|Any CPU
		{3E5C159F-5A71-4A98-82FB-303E7E7F137F}.Release|Any CPU.Build.0 = Release|Any CPU
		{EF3E30CA-2375-4274-BC67-FD1D676CBC4C}.Debug|Any CPU.ActiveCfg = Debug|Any CPU
		{EF3E30CA-2375-4274-BC67-FD1D676CBC4C}.Debug|Any CPU.Build.0 = Debug|Any CPU
		{EF3E30CA-2375-4274-BC67-FD1D676CBC4C}.Release|Any CPU.ActiveCfg = Release|Any CPU
		{EF3E30CA-2375-4274-BC67-FD1D676CBC4C}.Release|Any CPU.Build.0 = Release|Any CPU
		{41A3ACAC-C2E1-4CB2-B0B6-6CF42643BE06}.Debug|Any CPU.ActiveCfg = Debug|Any CPU
		{41A3ACAC-C2E1-4CB2-B0B6-6CF42643BE06}.Debug|Any CPU.Build.0 = Debug|Any CPU
		{41A3ACAC-C2E1-4CB2-B0B6-6CF42643BE06}.Release|Any CPU.ActiveCfg = Release|Any CPU
		{41A3ACAC-C2E1-4CB2-B0B6-6CF42643BE06}.Release|Any CPU.Build.0 = Release|Any CPU
	EndGlobalSection
EndGlobal
