
Microsoft Visual Studio Solution File, Format Version 12.00
Project("{2150E333-8FDC-42A3-9474-1A3956D46DE8}") = "src", "src", "{E3B643F9-3CC7-4A6E-A226-F3ED70196F00}"
EndProject
Project("{2150E333-8FDC-42A3-9474-1A3956D46DE8}") = "Services", "Services", "{AF68D0F4-06D1-4ACF-A94D-2DED479E51AC}"
EndProject
Project("{2150E333-8FDC-42A3-9474-1A3956D46DE8}") = "Chat", "Chat", "{5103A483-3127-4182-9CFA-AB5455563E12}"
EndProject
Project("{2150E333-8FDC-42A3-9474-1A3956D46DE8}") = "src", "src", "{C5F5A5C4-C5B8-4D01-9176-E1B4B90E4536}"
EndProject
Project("{2150E333-8FDC-42A3-9474-1A3956D46DE8}") = "tests", "tests", "{C4FAB864-8B5E-4087-B4DC-710B9035BE0F}"
EndProject
Project("{FAE04EC0-301F-11D3-BF4B-00C04F79EFBC}") = "Chat.Api", "src\Services\Chat\src\Chat.Api\Chat.Api.csproj", "{25BC30C0-77F2-4FD3-8531-45C2F03D66E2}"
EndProject
Project("{FAE04EC0-301F-11D3-BF4B-00C04F79EFBC}") = "Chat.Application", "src\Services\Chat\src\Chat.Application\Chat.Application.csproj", "{B5566247-4A8E-4DB3-9EE9-DE1AD16E964F}"
EndProject
Project("{FAE04EC0-301F-11D3-BF4B-00C04F79EFBC}") = "Chat.Domain", "src\Services\Chat\src\Chat.Domain\Chat.Domain.csproj", "{0BB54587-3CF4-4237-9831-47FE4A92FE9A}"
EndProject
Global
	GlobalSection(SolutionConfigurationPlatforms) = preSolution
		Debug|Any CPU = Debug|Any CPU
		Release|Any CPU = Release|Any CPU
	EndGlobalSection
	GlobalSection(NestedProjects) = preSolution
		{AF68D0F4-06D1-4ACF-A94D-2DED479E51AC} = {E3B643F9-3CC7-4A6E-A226-F3ED70196F00}
		{5103A483-3127-4182-9CFA-AB5455563E12} = {AF68D0F4-06D1-4ACF-A94D-2DED479E51AC}
		{C5F5A5C4-C5B8-4D01-9176-E1B4B90E4536} = {5103A483-3127-4182-9CFA-AB5455563E12}
		{C4FAB864-8B5E-4087-B4DC-710B9035BE0F} = {5103A483-3127-4182-9CFA-AB5455563E12}
		{25BC30C0-77F2-4FD3-8531-45C2F03D66E2} = {C5F5A5C4-C5B8-4D01-9176-E1B4B90E4536}
		{B5566247-4A8E-4DB3-9EE9-DE1AD16E964F} = {C5F5A5C4-C5B8-4D01-9176-E1B4B90E4536}
		{0BB54587-3CF4-4237-9831-47FE4A92FE9A} = {C5F5A5C4-C5B8-4D01-9176-E1B4B90E4536}
	EndGlobalSection
	GlobalSection(ProjectConfigurationPlatforms) = postSolution
		{25BC30C0-77F2-4FD3-8531-45C2F03D66E2}.Debug|Any CPU.ActiveCfg = Debug|Any CPU
		{25BC30C0-77F2-4FD3-8531-45C2F03D66E2}.Debug|Any CPU.Build.0 = Debug|Any CPU
		{25BC30C0-77F2-4FD3-8531-45C2F03D66E2}.Release|Any CPU.ActiveCfg = Release|Any CPU
		{25BC30C0-77F2-4FD3-8531-45C2F03D66E2}.Release|Any CPU.Build.0 = Release|Any CPU
		{B5566247-4A8E-4DB3-9EE9-DE1AD16E964F}.Debug|Any CPU.ActiveCfg = Debug|Any CPU
		{B5566247-4A8E-4DB3-9EE9-DE1AD16E964F}.Debug|Any CPU.Build.0 = Debug|Any CPU
		{B5566247-4A8E-4DB3-9EE9-DE1AD16E964F}.Release|Any CPU.ActiveCfg = Release|Any CPU
		{B5566247-4A8E-4DB3-9EE9-DE1AD16E964F}.Release|Any CPU.Build.0 = Release|Any CPU
		{0BB54587-3CF4-4237-9831-47FE4A92FE9A}.Debug|Any CPU.ActiveCfg = Debug|Any CPU
		{0BB54587-3CF4-4237-9831-47FE4A92FE9A}.Debug|Any CPU.Build.0 = Debug|Any CPU
		{0BB54587-3CF4-4237-9831-47FE4A92FE9A}.Release|Any CPU.ActiveCfg = Release|Any CPU
		{0BB54587-3CF4-4237-9831-47FE4A92FE9A}.Release|Any CPU.Build.0 = Release|Any CPU
	EndGlobalSection
EndGlobal
